// !$*UTF8*$!
{
	archiveVersion = 1;
	classes = {
	};
	objectVersion = 46;
	objects = {

/* Begin PBXBuildFile section */
		DBB4D8881A97F03D00CD7BE6 /* main.m in Sources */ = {isa = PBXBuildFile; fileRef = DBB4D8871A97F03D00CD7BE6 /* main.m */; };
/* End PBXBuildFile section */

/* Begin PBXCopyFilesBuildPhase section */
		DBB4D8821A97F03C00CD7BE6 /* CopyFiles */ = {
			isa = PBXCopyFilesBuildPhase;
			buildActionMask = 2147483647;
			dstPath = /usr/share/man/man1/;
			dstSubfolderSpec = 0;
			files = (
			);
			runOnlyForDeploymentPostprocessing = 1;
		};
/* End PBXCopyFilesBuildPhase section */

/* Begin PBXFileReference section */
		DBB4D8841A97F03D00CD7BE6 /* SuckAlmetric */ = {isa = PBXFileReference; explicitFileType = "compiled.mach-o.executable"; includeInIndex = 0; path = SuckAlmetric; sourceTree = BUILT_PRODUCTS_DIR; };
		DBB4D8871A97F03D00CD7BE6 /* main.m */ = {isa = PBXFileReference; lastKnownFileType = sourcecode.c.objc; path = main.m; sourceTree = "<group>"; };
/* End PBXFileReference section */

/* Begin PBXFrameworksBuildPhase section */
		DBB4D8811A97F03C00CD7BE6 /* Frameworks */ = {
			isa = PBXFrameworksBuildPhase;
			buildActionMask = 2147483647;
			files = (
			);
			runOnlyForDeploymentPostprocessing = 0;
		};
/* End PBXFrameworksBuildPhase section */

/* Begin PBXGroup section */
		DB5319071A9836D500422005 /* Resources */ = {
			isa = PBXGroup;
			children = (
			);
			name = Resources;
			path = ..;
			sourceTree = "<group>";
		};
		DBB4D87B1A97F03C00CD7BE6 = {
			isa = PBXGroup;
			children = (
				DBB4D8861A97F03D00CD7BE6 /* SuckAlmetric */,
				DBB4D8851A97F03D00CD7BE6 /* Products */,
			);
			sourceTree = "<group>";
		};
		DBB4D8851A97F03D00CD7BE6 /* Products */ = {
			isa = PBXGroup;
			children = (
				DBB4D8841A97F03D00CD7BE6 /* SuckAlmetric */,
			);
			name = Products;
			sourceTree = "<group>";
		};
		DBB4D8861A97F03D00CD7BE6 /* SuckAlmetric */ = {
			isa = PBXGroup;
			children = (
				DB5319071A9836D500422005 /* Resources */,
				DBB4D8871A97F03D00CD7BE6 /* main.m */,
			);
			path = SuckAlmetric;
			sourceTree = "<group>";
		};
/* End PBXGroup section */

/* Begin PBXNativeTarget section */
		DBB4D8831A97F03C00CD7BE6 /* SuckAlmetric */ = {
			isa = PBXNativeTarget;
			buildConfigurationList = DBB4D88B1A97F03D00CD7BE6 /* Build configuration list for PBXNativeTarget "SuckAlmetric" */;
			buildPhases = (
				DBB4D8801A97F03C00CD7BE6 /* Sources */,
				DBB4D8811A97F03C00CD7BE6 /* Frameworks */,
				DBB4D8821A97F03C00CD7BE6 /* CopyFiles */,
			);
			buildRules = (
			);
			dependencies = (
			);
			name = SuckAlmetric;
			productName = SuckAlmetric;
			productReference = DBB4D8841A97F03D00CD7BE6 /* SuckAlmetric */;
			productType = "com.apple.product-type.tool";
		};
/* End PBXNativeTarget section */

/* Begin PBXProject section */
		DBB4D87C1A97F03C00CD7BE6 /* Project object */ = {
			isa = PBXProject;
			attributes = {
				LastUpgradeCheck = 0610;
				ORGANIZATIONNAME = YOS;
				TargetAttributes = {
					DBB4D8831A97F03C00CD7BE6 = {
						CreatedOnToolsVersion = 6.1.1;
					};
				};
			};
			buildConfigurationList = DBB4D87F1A97F03C00CD7BE6 /* Build configuration list for PBXProject "SuckAlmetric" */;
			compatibilityVersion = "Xcode 3.2";
			developmentRegion = English;
			hasScannedForEncodings = 0;
			knownRegions = (
				en,
				Base,
			);
			mainGroup = DBB4D87B1A97F03C00CD7BE6;
			productRefGroup = DBB4D8851A97F03D00CD7BE6 /* Products */;
			projectDirPath = "";
			projectRoot = "";
			targets = (
				DBB4D8831A97F03C00CD7BE6 /* SuckAlmetric */,
			);
		};
/* End PBXProject section */

/* Begin PBXSourcesBuildPhase section */
		DBB4D8801A97F03C00CD7BE6 /* Sources */ = {
			isa = PBXSourcesBuildPhase;
			buildActionMask = 2147483647;
			files = (
				DBB4D8881A97F03D00CD7BE6 /* main.m in Sources */,
			);
			runOnlyForDeploymentPostprocessing = 0;
		};
/* End PBXSourcesBuildPhase section */

/* Begin XCBuildConfiguration section */
		DBB4D8891A97F03D00CD7BE6 /* Debug */ = {
			isa = XCBuildConfiguration;
			buildSettings = {
				ALWAYS_SEARCH_USER_PATHS = NO;
				CLANG_CXX_LANGUAGE_STANDARD = "gnu++0x";
				CLANG_CXX_LIBRARY = "libc++";
				CLANG_ENABLE_MODULES = YES;
				CLANG_ENABLE_OBJC_ARC = YES;
				CLANG_WARN_BOOL_CONVERSION = YES;
				CLANG_WARN_CONSTANT_CONVERSION = YES;
				CLANG_WARN_DIRECT_OBJC_ISA_USAGE = YES_ERROR;
				CLANG_WARN_EMPTY_BODY = YES;
				CLANG_WARN_ENUM_CONVERSION = YES;
				CLANG_WARN_INT_CONVERSION = YES;
				CLANG_WARN_OBJC_ROOT_CLASS = YES_ERROR;
				CLANG_WARN_UNREACHABLE_CODE = YES;
				CLANG_WARN__DUPLICATE_METHOD_MATCH = YES;
				COPY_PHASE_STRIP = NO;
				ENABLE_STRICT_OBJC_MSGSEND = YES;
				GCC_C_LANGUAGE_STANDARD = gnu99;
				GCC_DYNAMIC_NO_PIC = NO;
				GCC_OPTIMIZATION_LEVEL = 0;
				GCC_PREPROCESSOR_DEFINITIONS = (
					"DEBUG=1",
					"$(inherited)",
				);
				GCC_SYMBOLS_PRIVATE_EXTERN = NO;
				GCC_WARN_64_TO_32_BIT_CONVERSION = YES;
				GCC_WARN_ABOUT_RETURN_TYPE = YES_ERROR;
				GCC_WARN_UNDECLARED_SELECTOR = YES;
				GCC_WARN_UNINITIALIZED_AUTOS = YES_AGGRESSIVE;
				GCC_WARN_UNUSED_FUNCTION = YES;
				GCC_WARN_UNUSED_VARIABLE = YES;
				MACOSX_DEPLOYMENT_TARGET = 10.10;
				MTL_ENABLE_DEBUG_INFO = YES;
				ONLY_ACTIVE_ARCH = YES;
				SDKROOT = macosx;
			};
			name = Debug;
		};
		DBB4D88A1A97F03D00CD7BE6 /* Release */ = {
			isa = XCBuildConfiguration;
			buildSettings = {
				ALWAYS_SEARCH_USER_PATHS = NO;
				CLANG_CXX_LANGUAGE_STANDARD = "gnu++0x";
				CLANG_CXX_LIBRARY = "libc++";
				CLANG_ENABLE_MODULES = YES;
				CLANG_ENABLE_OBJC_ARC = YES;
				CLANG_WARN_BOOL_CONVERSION = YES;
				CLANG_WARN_CONSTANT_CONVERSION = YES;
				CLANG_WARN_DIRECT_OBJC_ISA_USAGE = YES_ERROR;
				CLANG_WARN_EMPTY_BODY = YES;
				CLANG_WARN_ENUM_CONVERSION = YES;
				CLANG_WARN_INT_CONVERSION = YES;
				CLANG_WARN_OBJC_ROOT_CLASS = YES_ERROR;
				CLANG_WARN_UNREACHABLE_CODE = YES;
				CLANG_WARN__DUPLICATE_METHOD_MATCH = YES;
				COPY_PHASE_STRIP = YES;
				DEBUG_INFORMATION_FORMAT = "dwarf-with-dsym";
				ENABLE_NS_ASSERTIONS = NO;
				ENABLE_STRICT_OBJC_MSGSEND = YES;
				GCC_C_LANGUAGE_STANDARD = gnu99;
				GCC_WARN_64_TO_32_BIT_CONVERSION = YES;
				GCC_WARN_ABOUT_RETURN_TYPE = YES_ERROR;
				GCC_WARN_UNDECLARED_SELECTOR = YES;
				GCC_WARN_UNINITIALIZED_AUTOS = YES_AGGRESSIVE;
				GCC_WARN_UNUSED_FUNCTION = YES;
				GCC_WARN_UNUSED_VARIABLE = YES;
				MACOSX_DEPLOYMENT_TARGET = 10.10;
				MTL_ENABLE_DEBUG_INFO = NO;
				SDKROOT = macosx;
			};
			name = Release;
		};
		DBB4D88C1A97F03D00CD7BE6 /* Debug */ = {
			isa = XCBuildConfiguration;
			buildSettings = {
				FRAMEWORK_SEARCH_PATHS = (
					"$(inherited)",
					"$(PROJECT_DIR)/SuckAlmetric/myFacebooks/demoCoreAPI/coreAPI",
					"$(PROJECT_DIR)/SuckAlmetric/myFacebooks/iOSWindChallenge/Pods/Parse",
					"$(PROJECT_DIR)/SuckAlmetric/myFacebooks/windApp/Pods/Parse",
					"$(PROJECT_DIR)",
				);
				LIBRARY_SEARCH_PATHS = (
					"$(inherited)",
					"$(PROJECT_DIR)/SuckAlmetric/myFacebooks/libxsls/src/.libs",
					"$(PROJECT_DIR)/SuckAlmetric/myFacebooks/windApp/I/Debug-iphonesimulator",
					"$(PROJECT_DIR)/SuckAlmetric/libxls/lib",
				);
				PRODUCT_NAME = "$(TARGET_NAME)";
			};
			name = Debug;
		};
		DBB4D88D1A97F03D00CD7BE6 /* Release */ = {
			isa = XCBuildConfiguration;
			buildSettings = {
				FRAMEWORK_SEARCH_PATHS = (
					"$(inherited)",
					"$(PROJECT_DIR)/SuckAlmetric/myFacebooks/demoCoreAPI/coreAPI",
					"$(PROJECT_DIR)/SuckAlmetric/myFacebooks/iOSWindChallenge/Pods/Parse",
					"$(PROJECT_DIR)/SuckAlmetric/myFacebooks/windApp/Pods/Parse",
					"$(PROJECT_DIR)",
				);
				LIBRARY_SEARCH_PATHS = (
					"$(inherited)",
					"$(PROJECT_DIR)/SuckAlmetric/myFacebooks/libxsls/src/.libs",
					"$(PROJECT_DIR)/SuckAlmetric/myFacebooks/windApp/I/Debug-iphonesimulator",
					"$(PROJECT_DIR)/SuckAlmetric/libxls/lib",
				);
				PRODUCT_NAME = "$(TARGET_NAME)";
			};
			name = Release;
		};
/* End XCBuildConfiguration section */

/* Begin XCConfigurationList section */
		DBB4D87F1A97F03C00CD7BE6 /* Build configuration list for PBXProject "SuckAlmetric" */ = {
			isa = XCConfigurationList;
			buildConfigurations = (
				DBB4D8891A97F03D00CD7BE6 /* Debug */,
				DBB4D88A1A97F03D00CD7BE6 /* Release */,
			);
			defaultConfigurationIsVisible = 0;
			defaultConfigurationName = Release;
		};
		DBB4D88B1A97F03D00CD7BE6 /* Build configuration list for PBXNativeTarget "SuckAlmetric" */ = {
			isa = XCConfigurationList;
			buildConfigurations = (
				DBB4D88C1A97F03D00CD7BE6 /* Debug */,
				DBB4D88D1A97F03D00CD7BE6 /* Release */,
			);
			defaultConfigurationIsVisible = 0;
			defaultConfigurationName = Release;
		};
/* End XCConfigurationList section */
	};
	rootObject = DBB4D87C1A97F03C00CD7BE6 /* Project object */;
}
